
Microsoft Visual Studio Solution File, Format Version 12.00
# Visual Studio 15
VisualStudioVersion = 15.0.26124.0
MinimumVisualStudioVersion = 15.0.26124.0
Project("{FAE04EC0-301F-11D3-BF4B-00C04F79EFBC}") = "AMT.Extensions.System", "AMT.Extensions.System\AMT.Extensions.System.csproj", "{A420C538-E4CE-4401-9434-2FAA75D0897F}"
EndProject
Project("{FAE04EC0-301F-11D3-BF4B-00C04F79EFBC}") = "Test.AMT.Extensions.System", "Test.AMT.Extensions.System\Test.AMT.Extensions.System.csproj", "{D6B54FE7-EED3-44E6-98BD-6E03423C0DB0}"
EndProject
Project("{FAE04EC0-301F-11D3-BF4B-00C04F79EFBC}") = "AMT.Extensions.Logging", "AMT.Extensions.Logging\AMT.Extensions.Logging.csproj", "{BB194E01-F859-4D11-93A6-A42AB51B1C4D}"
EndProject
Project("{FAE04EC0-301F-11D3-BF4B-00C04F79EFBC}") = "Test.AMT.Extensions.Logging", "Test.AMT.Extensions.Logging\Test.AMT.Extensions.Logging.csproj", "{45F211E5-7490-4795-B660-6168DDE1F3A0}"
EndProject
Global
	GlobalSection(SolutionConfigurationPlatforms) = preSolution
		Debug|Any CPU = Debug|Any CPU
		Debug|x64 = Debug|x64
		Debug|x86 = Debug|x86
		Release|Any CPU = Release|Any CPU
		Release|x64 = Release|x64
		Release|x86 = Release|x86
	EndGlobalSection
	GlobalSection(SolutionProperties) = preSolution
		HideSolutionNode = FALSE
	EndGlobalSection
	GlobalSection(ProjectConfigurationPlatforms) = postSolution
		{A420C538-E4CE-4401-9434-2FAA75D0897F}.Debug|Any CPU.ActiveCfg = Debug|Any CPU
		{A420C538-E4CE-4401-9434-2FAA75D0897F}.Debug|Any CPU.Build.0 = Debug|Any CPU
		{A420C538-E4CE-4401-9434-2FAA75D0897F}.Debug|x64.ActiveCfg = Debug|x64
		{A420C538-E4CE-4401-9434-2FAA75D0897F}.Debug|x64.Build.0 = Debug|x64
		{A420C538-E4CE-4401-9434-2FAA75D0897F}.Debug|x86.ActiveCfg = Debug|x86
		{A420C538-E4CE-4401-9434-2FAA75D0897F}.Debug|x86.Build.0 = Debug|x86
		{A420C538-E4CE-4401-9434-2FAA75D0897F}.Release|Any CPU.ActiveCfg = Release|Any CPU
		{A420C538-E4CE-4401-9434-2FAA75D0897F}.Release|Any CPU.Build.0 = Release|Any CPU
		{A420C538-E4CE-4401-9434-2FAA75D0897F}.Release|x64.ActiveCfg = Release|x64
		{A420C538-E4CE-4401-9434-2FAA75D0897F}.Release|x64.Build.0 = Release|x64
		{A420C538-E4CE-4401-9434-2FAA75D0897F}.Release|x86.ActiveCfg = Release|x86
		{A420C538-E4CE-4401-9434-2FAA75D0897F}.Release|x86.Build.0 = Release|x86
		{D6B54FE7-EED3-44E6-98BD-6E03423C0DB0}.Debug|Any CPU.ActiveCfg = Debug|Any CPU
		{D6B54FE7-EED3-44E6-98BD-6E03423C0DB0}.Debug|Any CPU.Build.0 = Debug|Any CPU
		{D6B54FE7-EED3-44E6-98BD-6E03423C0DB0}.Debug|x64.ActiveCfg = Debug|x64
		{D6B54FE7-EED3-44E6-98BD-6E03423C0DB0}.Debug|x64.Build.0 = Debug|x64
		{D6B54FE7-EED3-44E6-98BD-6E03423C0DB0}.Debug|x86.ActiveCfg = Debug|x86
		{D6B54FE7-EED3-44E6-98BD-6E03423C0DB0}.Debug|x86.Build.0 = Debug|x86
		{D6B54FE7-EED3-44E6-98BD-6E03423C0DB0}.Release|Any CPU.ActiveCfg = Release|Any CPU
		{D6B54FE7-EED3-44E6-98BD-6E03423C0DB0}.Release|Any CPU.Build.0 = Release|Any CPU
		{D6B54FE7-EED3-44E6-98BD-6E03423C0DB0}.Release|x64.ActiveCfg = Release|x64
		{D6B54FE7-EED3-44E6-98BD-6E03423C0DB0}.Release|x64.Build.0 = Release|x64
		{D6B54FE7-EED3-44E6-98BD-6E03423C0DB0}.Release|x86.ActiveCfg = Release|x86
		{D6B54FE7-EED3-44E6-98BD-6E03423C0DB0}.Release|x86.Build.0 = Release|x86
<<<<<<< HEAD
=======
		{BB194E01-F859-4D11-93A6-A42AB51B1C4D}.Debug|Any CPU.ActiveCfg = Debug|Any CPU
		{BB194E01-F859-4D11-93A6-A42AB51B1C4D}.Debug|Any CPU.Build.0 = Debug|Any CPU
		{BB194E01-F859-4D11-93A6-A42AB51B1C4D}.Debug|x64.ActiveCfg = Debug|Any CPU
		{BB194E01-F859-4D11-93A6-A42AB51B1C4D}.Debug|x64.Build.0 = Debug|Any CPU
		{BB194E01-F859-4D11-93A6-A42AB51B1C4D}.Debug|x86.ActiveCfg = Debug|Any CPU
		{BB194E01-F859-4D11-93A6-A42AB51B1C4D}.Debug|x86.Build.0 = Debug|Any CPU
		{BB194E01-F859-4D11-93A6-A42AB51B1C4D}.Release|Any CPU.ActiveCfg = Release|Any CPU
		{BB194E01-F859-4D11-93A6-A42AB51B1C4D}.Release|Any CPU.Build.0 = Release|Any CPU
		{BB194E01-F859-4D11-93A6-A42AB51B1C4D}.Release|x64.ActiveCfg = Release|Any CPU
		{BB194E01-F859-4D11-93A6-A42AB51B1C4D}.Release|x64.Build.0 = Release|Any CPU
		{BB194E01-F859-4D11-93A6-A42AB51B1C4D}.Release|x86.ActiveCfg = Release|Any CPU
		{BB194E01-F859-4D11-93A6-A42AB51B1C4D}.Release|x86.Build.0 = Release|Any CPU
		{45F211E5-7490-4795-B660-6168DDE1F3A0}.Debug|Any CPU.ActiveCfg = Debug|Any CPU
		{45F211E5-7490-4795-B660-6168DDE1F3A0}.Debug|Any CPU.Build.0 = Debug|Any CPU
		{45F211E5-7490-4795-B660-6168DDE1F3A0}.Debug|x64.ActiveCfg = Debug|Any CPU
		{45F211E5-7490-4795-B660-6168DDE1F3A0}.Debug|x64.Build.0 = Debug|Any CPU
		{45F211E5-7490-4795-B660-6168DDE1F3A0}.Debug|x86.ActiveCfg = Debug|Any CPU
		{45F211E5-7490-4795-B660-6168DDE1F3A0}.Debug|x86.Build.0 = Debug|Any CPU
		{45F211E5-7490-4795-B660-6168DDE1F3A0}.Release|Any CPU.ActiveCfg = Release|Any CPU
		{45F211E5-7490-4795-B660-6168DDE1F3A0}.Release|Any CPU.Build.0 = Release|Any CPU
		{45F211E5-7490-4795-B660-6168DDE1F3A0}.Release|x64.ActiveCfg = Release|Any CPU
		{45F211E5-7490-4795-B660-6168DDE1F3A0}.Release|x64.Build.0 = Release|Any CPU
		{45F211E5-7490-4795-B660-6168DDE1F3A0}.Release|x86.ActiveCfg = Release|Any CPU
		{45F211E5-7490-4795-B660-6168DDE1F3A0}.Release|x86.Build.0 = Release|Any CPU
>>>>>>> dev
	EndGlobalSection
EndGlobal
